
Microsoft Visual Studio Solution File, Format Version 12.00
Project("{FAE04EC0-301F-11D3-BF4B-00C04F79EFBC}") = "ApiCrudUsuarios", "BackEnd\ApiCrudUsuarios\ApiCrudUsuarios.csproj", "{996A8D42-C826-4664-AA2A-7BCDF49ED21D}"
EndProject
Project("{FAE04EC0-301F-11D3-BF4B-00C04F79EFBC}") = "BlazorCrudUsuarios", "FrontEnd\BlazorCrudUsuarios\BlazorCrudUsuarios.csproj", "{57894B20-415F-4087-949E-C4EE3B058E7C}"
EndProject
Global
	GlobalSection(SolutionConfigurationPlatforms) = preSolution
		Debug|Any CPU = Debug|Any CPU
		Release|Any CPU = Release|Any CPU
	EndGlobalSection
	GlobalSection(ProjectConfigurationPlatforms) = postSolution
		{996A8D42-C826-4664-AA2A-7BCDF49ED21D}.Debug|Any CPU.ActiveCfg = Debug|Any CPU
		{996A8D42-C826-4664-AA2A-7BCDF49ED21D}.Debug|Any CPU.Build.0 = Debug|Any CPU
		{996A8D42-C826-4664-AA2A-7BCDF49ED21D}.Release|Any CPU.ActiveCfg = Release|Any CPU
		{996A8D42-C826-4664-AA2A-7BCDF49ED21D}.Release|Any CPU.Build.0 = Release|Any CPU
		{57894B20-415F-4087-949E-C4EE3B058E7C}.Debug|Any CPU.ActiveCfg = Debug|Any CPU
		{57894B20-415F-4087-949E-C4EE3B058E7C}.Debug|Any CPU.Build.0 = Debug|Any CPU
		{57894B20-415F-4087-949E-C4EE3B058E7C}.Release|Any CPU.ActiveCfg = Release|Any CPU
		{57894B20-415F-4087-949E-C4EE3B058E7C}.Release|Any CPU.Build.0 = Release|Any CPU
	EndGlobalSection
EndGlobal
